
Microsoft Visual Studio Solution File, Format Version 12.00
# Visual Studio Version 17
VisualStudioVersion = 17.3.32901.215
MinimumVisualStudioVersion = 10.0.40219.1
Project("{8BC9CEB8-8B4A-11D0-8D11-00A0C91BC942}") = "GameGuru Launcher MAX", "GameGuru Launcher MAX\GameGuru Launcher MAX.vcxproj", "{A8967BF6-2677-4D10-952C-7CC22AACB554}"
EndProject
Global
	GlobalSection(SolutionConfigurationPlatforms) = preSolution
		ReleaseForSteam|x64 = ReleaseForSteam|x64
	EndGlobalSection
	GlobalSection(ProjectConfigurationPlatforms) = postSolution
		{A8967BF6-2677-4D10-952C-7CC22AACB554}.ReleaseForSteam|x64.ActiveCfg = Release|x64
		{A8967BF6-2677-4D10-952C-7CC22AACB554}.ReleaseForSteam|x64.Build.0 = Release|x64
	EndGlobalSection
	GlobalSection(SolutionProperties) = preSolution
		HideSolutionNode = FALSE
	EndGlobalSection
	GlobalSection(ExtensibilityGlobals) = postSolution
		SolutionGuid = {E96CE37D-6894-4240-891C-2913CAC6A326}
	EndGlobalSection
EndGlobal
